{
  "originHash" : "eb3e6467aa3b79663b371a20cbe7f1b7c7a6a3c9f98e6945bc9704361b5ae42d",
  "pins" : [
    {
      "identity" : "dswaveformimage",
      "kind" : "remoteSourceControl",
      "location" : "https://github.com/dmrschmidt/DSWaveformImage",
      "state" : {
        "revision" : "4c56578ee10128ee2b2c04c9c5aa73812de722db",
        "version" : "14.2.2"
      }
    }
  ]
  "originHash" : "0271592b24e5dc1185a09e3f2d980d55521827815d397c9bce8e63d502a51e84",
  "pins" : [
    {
      "identity" : "lottie-ios",
      "kind" : "remoteSourceControl",
      "location" : "https://github.com/airbnb/lottie-ios",
      "state" : {
        "revision" : "fe4c6fe3a0aa66cdeb51d549623c82ca9704b9a5",
        "version" : "4.5.0"
      }
    }
  ],
  "version" : 3
}

