// !$*UTF8*$!
{
	archiveVersion = 1;
	classes = {
	};
	objectVersion = 56;
	objects = {

/* Begin PBXBuildFile section */
		2FD3DFA92C450F3B00207E85 /* StateOfMindHeader.swift in Sources */ = {isa = PBXBuildFile; fileRef = 2FD3DFA82C450F3B00207E85 /* StateOfMindHeader.swift */; };
		6A3281042C401CA300466B16 /* HistoryView.swift in Sources */ = {isa = PBXBuildFile; fileRef = 6A3281032C401CA300466B16 /* HistoryView.swift */; };
		6A3281062C40206C00466B16 /* StateOfMindCard.swift in Sources */ = {isa = PBXBuildFile; fileRef = 6A3281052C40206C00466B16 /* StateOfMindCard.swift */; };
		6A81EE8A2C46674600D307F9 /* Lottie in Frameworks */ = {isa = PBXBuildFile; productRef = 6A81EE892C46674600D307F9 /* Lottie */; };
		6AC027482C3CD2CB0052CBFD /* iAmApp.swift in Sources */ = {isa = PBXBuildFile; fileRef = 6AC027472C3CD2CB0052CBFD /* iAmApp.swift */; };
		6AC0274A2C3CD2CB0052CBFD /* ContentView.swift in Sources */ = {isa = PBXBuildFile; fileRef = 6AC027492C3CD2CB0052CBFD /* ContentView.swift */; };
		6AC0274E2C3CD2CC0052CBFD /* Assets.xcassets in Resources */ = {isa = PBXBuildFile; fileRef = 6AC0274D2C3CD2CC0052CBFD /* Assets.xcassets */; };
		6AC027512C3CD2CC0052CBFD /* Preview Assets.xcassets in Resources */ = {isa = PBXBuildFile; fileRef = 6AC027502C3CD2CC0052CBFD /* Preview Assets.xcassets */; };
		9604EE2C2C3DB6EA0088D47C /* AudioRecordToolbarView.swift in Sources */ = {isa = PBXBuildFile; fileRef = 9604EE2B2C3DB6EA0088D47C /* AudioRecordToolbarView.swift */; };
		9684089A2C3E73280099EBEE /* JournalView.swift in Sources */ = {isa = PBXBuildFile; fileRef = 968408992C3E73280099EBEE /* JournalView.swift */; };
		9684089F2C4072720099EBEE /* AudioRecorder.swift in Sources */ = {isa = PBXBuildFile; fileRef = 9684089E2C4072720099EBEE /* AudioRecorder.swift */; };
		968408A12C40727F0099EBEE /* AudioPlayer.swift in Sources */ = {isa = PBXBuildFile; fileRef = 968408A02C40727F0099EBEE /* AudioPlayer.swift */; };
		968408A42C40EB960099EBEE /* Extensions.swift in Sources */ = {isa = PBXBuildFile; fileRef = 968408A32C40EB960099EBEE /* Extensions.swift */; };
		968408A62C442F760099EBEE /* AudioManager.swift in Sources */ = {isa = PBXBuildFile; fileRef = 968408A52C442F760099EBEE /* AudioManager.swift */; };
		968408AC2C45655E0099EBEE /* RecordingListView.swift in Sources */ = {isa = PBXBuildFile; fileRef = 968408AB2C45655E0099EBEE /* RecordingListView.swift */; };
		968408AF2C45A43B0099EBEE /* DSWaveformImage in Frameworks */ = {isa = PBXBuildFile; productRef = 968408AE2C45A43B0099EBEE /* DSWaveformImage */; };
		968408B12C45A43B0099EBEE /* DSWaveformImageViews in Frameworks */ = {isa = PBXBuildFile; productRef = 968408B02C45A43B0099EBEE /* DSWaveformImageViews */; };
		CD25558C2C3F7A15002702A8 /* Note.swift in Sources */ = {isa = PBXBuildFile; fileRef = CD25558B2C3F7A15002702A8 /* Note.swift */; };
		CD25558F2C3F7A5B002702A8 /* Enums.swift in Sources */ = {isa = PBXBuildFile; fileRef = CD25558E2C3F7A5B002702A8 /* Enums.swift */; };
		CD2555912C3F7B38002702A8 /* SampleData.swift in Sources */ = {isa = PBXBuildFile; fileRef = CD2555902C3F7B38002702A8 /* SampleData.swift */; };
		CD2555932C3F8051002702A8 /* NoteView.swift in Sources */ = {isa = PBXBuildFile; fileRef = CD2555922C3F8051002702A8 /* NoteView.swift */; };
		CD2555952C3F80AA002702A8 /* Router.swift in Sources */ = {isa = PBXBuildFile; fileRef = CD2555942C3F80AA002702A8 /* Router.swift */; };
		CD2555DC2C451BF9002702A8 /* StateOfMindView.swift in Sources */ = {isa = PBXBuildFile; fileRef = CD2555DB2C451BF9002702A8 /* StateOfMindView.swift */; };
/* End PBXBuildFile section */

/* Begin PBXFileReference section */
		2FD3DFA82C450F3B00207E85 /* StateOfMindHeader.swift */ = {isa = PBXFileReference; lastKnownFileType = sourcecode.swift; path = StateOfMindHeader.swift; sourceTree = "<group>"; };
		6A3281032C401CA300466B16 /* HistoryView.swift */ = {isa = PBXFileReference; lastKnownFileType = sourcecode.swift; path = HistoryView.swift; sourceTree = "<group>"; };
		6A3281052C40206C00466B16 /* StateOfMindCard.swift */ = {isa = PBXFileReference; lastKnownFileType = sourcecode.swift; path = StateOfMindCard.swift; sourceTree = "<group>"; };
		6AC027442C3CD2CB0052CBFD /* iAm.app */ = {isa = PBXFileReference; explicitFileType = wrapper.application; includeInIndex = 0; path = iAm.app; sourceTree = BUILT_PRODUCTS_DIR; };
		6AC027472C3CD2CB0052CBFD /* iAmApp.swift */ = {isa = PBXFileReference; lastKnownFileType = sourcecode.swift; path = iAmApp.swift; sourceTree = "<group>"; };
		6AC027492C3CD2CB0052CBFD /* ContentView.swift */ = {isa = PBXFileReference; lastKnownFileType = sourcecode.swift; path = ContentView.swift; sourceTree = "<group>"; };
		6AC0274D2C3CD2CC0052CBFD /* Assets.xcassets */ = {isa = PBXFileReference; lastKnownFileType = folder.assetcatalog; path = Assets.xcassets; sourceTree = "<group>"; };
		6AC027502C3CD2CC0052CBFD /* Preview Assets.xcassets */ = {isa = PBXFileReference; lastKnownFileType = folder.assetcatalog; path = "Preview Assets.xcassets"; sourceTree = "<group>"; };
		9604EE2B2C3DB6EA0088D47C /* AudioRecordToolbarView.swift */ = {isa = PBXFileReference; lastKnownFileType = sourcecode.swift; path = AudioRecordToolbarView.swift; sourceTree = "<group>"; };
		968408992C3E73280099EBEE /* JournalView.swift */ = {isa = PBXFileReference; lastKnownFileType = sourcecode.swift; path = JournalView.swift; sourceTree = "<group>"; };
		9684089E2C4072720099EBEE /* AudioRecorder.swift */ = {isa = PBXFileReference; lastKnownFileType = sourcecode.swift; path = AudioRecorder.swift; sourceTree = "<group>"; };
		968408A02C40727F0099EBEE /* AudioPlayer.swift */ = {isa = PBXFileReference; lastKnownFileType = sourcecode.swift; path = AudioPlayer.swift; sourceTree = "<group>"; };
		968408A32C40EB960099EBEE /* Extensions.swift */ = {isa = PBXFileReference; lastKnownFileType = sourcecode.swift; path = Extensions.swift; sourceTree = "<group>"; };
		968408A52C442F760099EBEE /* AudioManager.swift */ = {isa = PBXFileReference; lastKnownFileType = sourcecode.swift; path = AudioManager.swift; sourceTree = "<group>"; };
		968408AB2C45655E0099EBEE /* RecordingListView.swift */ = {isa = PBXFileReference; lastKnownFileType = sourcecode.swift; path = RecordingListView.swift; sourceTree = "<group>"; };
		CD25558B2C3F7A15002702A8 /* Note.swift */ = {isa = PBXFileReference; fileEncoding = 4; lastKnownFileType = sourcecode.swift; path = Note.swift; sourceTree = "<group>"; };
		CD25558E2C3F7A5B002702A8 /* Enums.swift */ = {isa = PBXFileReference; lastKnownFileType = sourcecode.swift; path = Enums.swift; sourceTree = "<group>"; };
		CD2555902C3F7B38002702A8 /* SampleData.swift */ = {isa = PBXFileReference; lastKnownFileType = sourcecode.swift; path = SampleData.swift; sourceTree = "<group>"; };
		CD2555922C3F8051002702A8 /* NoteView.swift */ = {isa = PBXFileReference; lastKnownFileType = sourcecode.swift; path = NoteView.swift; sourceTree = "<group>"; };
		CD2555942C3F80AA002702A8 /* Router.swift */ = {isa = PBXFileReference; lastKnownFileType = sourcecode.swift; path = Router.swift; sourceTree = "<group>"; };
		CD2555DB2C451BF9002702A8 /* StateOfMindView.swift */ = {isa = PBXFileReference; lastKnownFileType = sourcecode.swift; path = StateOfMindView.swift; sourceTree = "<group>"; };
/* End PBXFileReference section */

/* Begin PBXFrameworksBuildPhase section */
		6AC027412C3CD2CB0052CBFD /* Frameworks */ = {
			isa = PBXFrameworksBuildPhase;
			buildActionMask = 2147483647;
			files = (
				968408AF2C45A43B0099EBEE /* DSWaveformImage in Frameworks */,
				968408B12C45A43B0099EBEE /* DSWaveformImageViews in Frameworks */,
				6A81EE8A2C46674600D307F9 /* Lottie in Frameworks */,
			);
			runOnlyForDeploymentPostprocessing = 0;
		};
/* End PBXFrameworksBuildPhase section */

/* Begin PBXGroup section */
		2FD3DFA72C450F0700207E85 /* Component */ = {
			isa = PBXGroup;
			children = (
				2FD3DFA82C450F3B00207E85 /* StateOfMindHeader.swift */,
			);
			path = Component;
			sourceTree = "<group>";
		};
		6AC0273B2C3CD2CB0052CBFD = {
			isa = PBXGroup;
			children = (
				6AC027462C3CD2CB0052CBFD /* iAm */,
				6AC027452C3CD2CB0052CBFD /* Products */,
			);
			sourceTree = "<group>";
		};
		6AC027452C3CD2CB0052CBFD /* Products */ = {
			isa = PBXGroup;
			children = (
				6AC027442C3CD2CB0052CBFD /* iAm.app */,
			);
			name = Products;
			sourceTree = "<group>";
		};
		6AC027462C3CD2CB0052CBFD /* iAm */ = {
			isa = PBXGroup;
			children = (
				9684089D2C4071A90099EBEE /* AudioManager */,
				CD25558D2C3F7A3A002702A8 /* Helper */,
				9604EE212C3D70FB0088D47C /* Model */,
				9604EE202C3D70F20088D47C /* View Model */,
				9604EE1F2C3D70E90088D47C /* View */,
				6AC027472C3CD2CB0052CBFD /* iAmApp.swift */,
				6AC0274D2C3CD2CC0052CBFD /* Assets.xcassets */,
				6AC0274F2C3CD2CC0052CBFD /* Preview Content */,
			);
			path = iAm;
			sourceTree = "<group>";
		};
		6AC0274F2C3CD2CC0052CBFD /* Preview Content */ = {
			isa = PBXGroup;
			children = (
				6AC027502C3CD2CC0052CBFD /* Preview Assets.xcassets */,
			);
			path = "Preview Content";
			sourceTree = "<group>";
		};
		9604EE1F2C3D70E90088D47C /* View */ = {
			isa = PBXGroup;
			children = (
				2FD3DFA72C450F0700207E85 /* Component */,
				6AC027492C3CD2CB0052CBFD /* ContentView.swift */,
				CD2555DB2C451BF9002702A8 /* StateOfMindView.swift */,
				6A3281052C40206C00466B16 /* StateOfMindCard.swift */,
				6A3281032C401CA300466B16 /* HistoryView.swift */,
				9604EE282C3DA77F0088D47C /* ToolbarView */,
				968408992C3E73280099EBEE /* JournalView.swift */,
				CD2555922C3F8051002702A8 /* NoteView.swift */,
				968408AB2C45655E0099EBEE /* RecordingListView.swift */,
			);
			path = View;
			sourceTree = "<group>";
		};
		9604EE202C3D70F20088D47C /* View Model */ = {
			isa = PBXGroup;
			children = (
			);
			path = "View Model";
			sourceTree = "<group>";
		};
		9604EE212C3D70FB0088D47C /* Model */ = {
			isa = PBXGroup;
			children = (
				CD25558B2C3F7A15002702A8 /* Note.swift */,
			);
			path = Model;
			sourceTree = "<group>";
		};
		9604EE282C3DA77F0088D47C /* ToolbarView */ = {
			isa = PBXGroup;
			children = (
				9604EE2B2C3DB6EA0088D47C /* AudioRecordToolbarView.swift */,
			);
			path = ToolbarView;
			sourceTree = "<group>";
		};
		9684089D2C4071A90099EBEE /* AudioManager */ = {
			isa = PBXGroup;
			children = (
				9684089E2C4072720099EBEE /* AudioRecorder.swift */,
				968408A02C40727F0099EBEE /* AudioPlayer.swift */,
				968408A32C40EB960099EBEE /* Extensions.swift */,
				968408A52C442F760099EBEE /* AudioManager.swift */,
			);
			path = AudioManager;
			sourceTree = "<group>";
		};
		CD25558D2C3F7A3A002702A8 /* Helper */ = {
			isa = PBXGroup;
			children = (
				CD25558E2C3F7A5B002702A8 /* Enums.swift */,
				CD2555902C3F7B38002702A8 /* SampleData.swift */,
				CD2555942C3F80AA002702A8 /* Router.swift */,
			);
			path = Helper;
			sourceTree = "<group>";
		};
/* End PBXGroup section */

/* Begin PBXNativeTarget section */
		6AC027432C3CD2CB0052CBFD /* iAm */ = {
			isa = PBXNativeTarget;
			buildConfigurationList = 6AC027542C3CD2CC0052CBFD /* Build configuration list for PBXNativeTarget "iAm" */;
			buildPhases = (
				6AC027402C3CD2CB0052CBFD /* Sources */,
				6AC027412C3CD2CB0052CBFD /* Frameworks */,
				6AC027422C3CD2CB0052CBFD /* Resources */,
			);
			buildRules = (
			);
			dependencies = (
			);
			name = iAm;
			packageProductDependencies = (
				968408AE2C45A43B0099EBEE /* DSWaveformImage */,
				968408B02C45A43B0099EBEE /* DSWaveformImageViews */,
				6A81EE892C46674600D307F9 /* Lottie */,
			);
			productName = iAm;
			productReference = 6AC027442C3CD2CB0052CBFD /* iAm.app */;
			productType = "com.apple.product-type.application";
		};
/* End PBXNativeTarget section */

/* Begin PBXProject section */
		6AC0273C2C3CD2CB0052CBFD /* Project object */ = {
			isa = PBXProject;
			attributes = {
				BuildIndependentTargetsInParallel = 1;
				LastSwiftUpdateCheck = 1540;
				LastUpgradeCheck = 1540;
				TargetAttributes = {
					6AC027432C3CD2CB0052CBFD = {
						CreatedOnToolsVersion = 15.4;
					};
				};
			};
			buildConfigurationList = 6AC0273F2C3CD2CB0052CBFD /* Build configuration list for PBXProject "iAm" */;
			compatibilityVersion = "Xcode 14.0";
			developmentRegion = en;
			hasScannedForEncodings = 0;
			knownRegions = (
				en,
				Base,
			);
			mainGroup = 6AC0273B2C3CD2CB0052CBFD;
			packageReferences = (
				968408AD2C45A43B0099EBEE /* XCRemoteSwiftPackageReference "DSWaveformImage" */,
				6A81EE882C46674600D307F9 /* XCRemoteSwiftPackageReference "lottie-ios" */,
			);
			productRefGroup = 6AC027452C3CD2CB0052CBFD /* Products */;
			projectDirPath = "";
			projectRoot = "";
			targets = (
				6AC027432C3CD2CB0052CBFD /* iAm */,
			);
		};
/* End PBXProject section */

/* Begin PBXResourcesBuildPhase section */
		6AC027422C3CD2CB0052CBFD /* Resources */ = {
			isa = PBXResourcesBuildPhase;
			buildActionMask = 2147483647;
			files = (
				6AC027512C3CD2CC0052CBFD /* Preview Assets.xcassets in Resources */,
				6AC0274E2C3CD2CC0052CBFD /* Assets.xcassets in Resources */,
			);
			runOnlyForDeploymentPostprocessing = 0;
		};
/* End PBXResourcesBuildPhase section */

/* Begin PBXSourcesBuildPhase section */
		6AC027402C3CD2CB0052CBFD /* Sources */ = {
			isa = PBXSourcesBuildPhase;
			buildActionMask = 2147483647;
			files = (
				9684089A2C3E73280099EBEE /* JournalView.swift in Sources */,
				968408AC2C45655E0099EBEE /* RecordingListView.swift in Sources */,
				CD2555952C3F80AA002702A8 /* Router.swift in Sources */,
				6A3281042C401CA300466B16 /* HistoryView.swift in Sources */,
				6AC0274A2C3CD2CB0052CBFD /* ContentView.swift in Sources */,
				CD25558C2C3F7A15002702A8 /* Note.swift in Sources */,
				9684089F2C4072720099EBEE /* AudioRecorder.swift in Sources */,
				6AC027482C3CD2CB0052CBFD /* iAmApp.swift in Sources */,
				CD2555932C3F8051002702A8 /* NoteView.swift in Sources */,
				968408A62C442F760099EBEE /* AudioManager.swift in Sources */,
				968408A42C40EB960099EBEE /* Extensions.swift in Sources */,
				2FD3DFA92C450F3B00207E85 /* StateOfMindHeader.swift in Sources */,
				CD25558F2C3F7A5B002702A8 /* Enums.swift in Sources */,
				CD2555DC2C451BF9002702A8 /* StateOfMindView.swift in Sources */,
				6A3281062C40206C00466B16 /* StateOfMindCard.swift in Sources */,
				CD2555912C3F7B38002702A8 /* SampleData.swift in Sources */,
				9604EE2C2C3DB6EA0088D47C /* AudioRecordToolbarView.swift in Sources */,
				968408A12C40727F0099EBEE /* AudioPlayer.swift in Sources */,
			);
			runOnlyForDeploymentPostprocessing = 0;
		};
/* End PBXSourcesBuildPhase section */

/* Begin XCBuildConfiguration section */
		6AC027522C3CD2CC0052CBFD /* Debug */ = {
			isa = XCBuildConfiguration;
			buildSettings = {
				ALWAYS_SEARCH_USER_PATHS = NO;
				ASSETCATALOG_COMPILER_GENERATE_SWIFT_ASSET_SYMBOL_EXTENSIONS = YES;
				CLANG_ANALYZER_NONNULL = YES;
				CLANG_ANALYZER_NUMBER_OBJECT_CONVERSION = YES_AGGRESSIVE;
				CLANG_CXX_LANGUAGE_STANDARD = "gnu++20";
				CLANG_ENABLE_MODULES = YES;
				CLANG_ENABLE_OBJC_ARC = YES;
				CLANG_ENABLE_OBJC_WEAK = YES;
				CLANG_WARN_BLOCK_CAPTURE_AUTORELEASING = YES;
				CLANG_WARN_BOOL_CONVERSION = YES;
				CLANG_WARN_COMMA = YES;
				CLANG_WARN_CONSTANT_CONVERSION = YES;
				CLANG_WARN_DEPRECATED_OBJC_IMPLEMENTATIONS = YES;
				CLANG_WARN_DIRECT_OBJC_ISA_USAGE = YES_ERROR;
				CLANG_WARN_DOCUMENTATION_COMMENTS = YES;
				CLANG_WARN_EMPTY_BODY = YES;
				CLANG_WARN_ENUM_CONVERSION = YES;
				CLANG_WARN_INFINITE_RECURSION = YES;
				CLANG_WARN_INT_CONVERSION = YES;
				CLANG_WARN_NON_LITERAL_NULL_CONVERSION = YES;
				CLANG_WARN_OBJC_IMPLICIT_RETAIN_SELF = YES;
				CLANG_WARN_OBJC_LITERAL_CONVERSION = YES;
				CLANG_WARN_OBJC_ROOT_CLASS = YES_ERROR;
				CLANG_WARN_QUOTED_INCLUDE_IN_FRAMEWORK_HEADER = YES;
				CLANG_WARN_RANGE_LOOP_ANALYSIS = YES;
				CLANG_WARN_STRICT_PROTOTYPES = YES;
				CLANG_WARN_SUSPICIOUS_MOVE = YES;
				CLANG_WARN_UNGUARDED_AVAILABILITY = YES_AGGRESSIVE;
				CLANG_WARN_UNREACHABLE_CODE = YES;
				CLANG_WARN__DUPLICATE_METHOD_MATCH = YES;
				COPY_PHASE_STRIP = NO;
				DEBUG_INFORMATION_FORMAT = dwarf;
				ENABLE_STRICT_OBJC_MSGSEND = YES;
				ENABLE_TESTABILITY = YES;
				ENABLE_USER_SCRIPT_SANDBOXING = YES;
				GCC_C_LANGUAGE_STANDARD = gnu17;
				GCC_DYNAMIC_NO_PIC = NO;
				GCC_NO_COMMON_BLOCKS = YES;
				GCC_OPTIMIZATION_LEVEL = 0;
				GCC_PREPROCESSOR_DEFINITIONS = (
					"DEBUG=1",
					"$(inherited)",
				);
				GCC_WARN_64_TO_32_BIT_CONVERSION = YES;
				GCC_WARN_ABOUT_RETURN_TYPE = YES_ERROR;
				GCC_WARN_UNDECLARED_SELECTOR = YES;
				GCC_WARN_UNINITIALIZED_AUTOS = YES_AGGRESSIVE;
				GCC_WARN_UNUSED_FUNCTION = YES;
				GCC_WARN_UNUSED_VARIABLE = YES;
				IPHONEOS_DEPLOYMENT_TARGET = 17.2;
				LOCALIZATION_PREFERS_STRING_CATALOGS = YES;
				MTL_ENABLE_DEBUG_INFO = INCLUDE_SOURCE;
				MTL_FAST_MATH = YES;
				ONLY_ACTIVE_ARCH = YES;
				SDKROOT = iphoneos;
				SWIFT_ACTIVE_COMPILATION_CONDITIONS = "DEBUG $(inherited)";
				SWIFT_OPTIMIZATION_LEVEL = "-Onone";
			};
			name = Debug;
		};
		6AC027532C3CD2CC0052CBFD /* Release */ = {
			isa = XCBuildConfiguration;
			buildSettings = {
				ALWAYS_SEARCH_USER_PATHS = NO;
				ASSETCATALOG_COMPILER_GENERATE_SWIFT_ASSET_SYMBOL_EXTENSIONS = YES;
				CLANG_ANALYZER_NONNULL = YES;
				CLANG_ANALYZER_NUMBER_OBJECT_CONVERSION = YES_AGGRESSIVE;
				CLANG_CXX_LANGUAGE_STANDARD = "gnu++20";
				CLANG_ENABLE_MODULES = YES;
				CLANG_ENABLE_OBJC_ARC = YES;
				CLANG_ENABLE_OBJC_WEAK = YES;
				CLANG_WARN_BLOCK_CAPTURE_AUTORELEASING = YES;
				CLANG_WARN_BOOL_CONVERSION = YES;
				CLANG_WARN_COMMA = YES;
				CLANG_WARN_CONSTANT_CONVERSION = YES;
				CLANG_WARN_DEPRECATED_OBJC_IMPLEMENTATIONS = YES;
				CLANG_WARN_DIRECT_OBJC_ISA_USAGE = YES_ERROR;
				CLANG_WARN_DOCUMENTATION_COMMENTS = YES;
				CLANG_WARN_EMPTY_BODY = YES;
				CLANG_WARN_ENUM_CONVERSION = YES;
				CLANG_WARN_INFINITE_RECURSION = YES;
				CLANG_WARN_INT_CONVERSION = YES;
				CLANG_WARN_NON_LITERAL_NULL_CONVERSION = YES;
				CLANG_WARN_OBJC_IMPLICIT_RETAIN_SELF = YES;
				CLANG_WARN_OBJC_LITERAL_CONVERSION = YES;
				CLANG_WARN_OBJC_ROOT_CLASS = YES_ERROR;
				CLANG_WARN_QUOTED_INCLUDE_IN_FRAMEWORK_HEADER = YES;
				CLANG_WARN_RANGE_LOOP_ANALYSIS = YES;
				CLANG_WARN_STRICT_PROTOTYPES = YES;
				CLANG_WARN_SUSPICIOUS_MOVE = YES;
				CLANG_WARN_UNGUARDED_AVAILABILITY = YES_AGGRESSIVE;
				CLANG_WARN_UNREACHABLE_CODE = YES;
				CLANG_WARN__DUPLICATE_METHOD_MATCH = YES;
				COPY_PHASE_STRIP = NO;
				DEBUG_INFORMATION_FORMAT = "dwarf-with-dsym";
				ENABLE_NS_ASSERTIONS = NO;
				ENABLE_STRICT_OBJC_MSGSEND = YES;
				ENABLE_USER_SCRIPT_SANDBOXING = YES;
				GCC_C_LANGUAGE_STANDARD = gnu17;
				GCC_NO_COMMON_BLOCKS = YES;
				GCC_WARN_64_TO_32_BIT_CONVERSION = YES;
				GCC_WARN_ABOUT_RETURN_TYPE = YES_ERROR;
				GCC_WARN_UNDECLARED_SELECTOR = YES;
				GCC_WARN_UNINITIALIZED_AUTOS = YES_AGGRESSIVE;
				GCC_WARN_UNUSED_FUNCTION = YES;
				GCC_WARN_UNUSED_VARIABLE = YES;
				IPHONEOS_DEPLOYMENT_TARGET = 17.2;
				LOCALIZATION_PREFERS_STRING_CATALOGS = YES;
				MTL_ENABLE_DEBUG_INFO = NO;
				MTL_FAST_MATH = YES;
				SDKROOT = iphoneos;
				SWIFT_COMPILATION_MODE = wholemodule;
				VALIDATE_PRODUCT = YES;
			};
			name = Release;
		};
		6AC027552C3CD2CC0052CBFD /* Debug */ = {
			isa = XCBuildConfiguration;
			buildSettings = {
				ASSETCATALOG_COMPILER_APPICON_NAME = AppIcon;
				ASSETCATALOG_COMPILER_GLOBAL_ACCENT_COLOR_NAME = AccentColor;
				CODE_SIGN_STYLE = Automatic;
				CURRENT_PROJECT_VERSION = 1;
				DEVELOPMENT_ASSET_PATHS = "\"iAm/Preview Content\"";
				DEVELOPMENT_TEAM = 5T75SV584X;
				ENABLE_PREVIEWS = YES;
				GENERATE_INFOPLIST_FILE = YES;
				INFOPLIST_KEY_NSMicrophoneUsageDescription = "OPEN UP YO MIC BOI";
				INFOPLIST_KEY_UIApplicationSceneManifest_Generation = YES;
				INFOPLIST_KEY_UIApplicationSupportsIndirectInputEvents = YES;
				INFOPLIST_KEY_UILaunchScreen_Generation = YES;
				INFOPLIST_KEY_UISupportedInterfaceOrientations_iPad = "UIInterfaceOrientationPortrait UIInterfaceOrientationPortraitUpsideDown UIInterfaceOrientationLandscapeLeft UIInterfaceOrientationLandscapeRight";
				INFOPLIST_KEY_UISupportedInterfaceOrientations_iPhone = "UIInterfaceOrientationPortrait UIInterfaceOrientationLandscapeLeft UIInterfaceOrientationLandscapeRight";
				IPHONEOS_DEPLOYMENT_TARGET = 17.2;
				LD_RUNPATH_SEARCH_PATHS = (
					"$(inherited)",
					"@executable_path/Frameworks",
				);
				MARKETING_VERSION = 1.0;
				PRODUCT_BUNDLE_IDENTIFIER = com.learn.iAm;
				PRODUCT_NAME = "$(TARGET_NAME)";
				SWIFT_EMIT_LOC_STRINGS = YES;
				SWIFT_VERSION = 5.0;
				TARGETED_DEVICE_FAMILY = "1,2";
			};
			name = Debug;
		};
		6AC027562C3CD2CC0052CBFD /* Release */ = {
			isa = XCBuildConfiguration;
			buildSettings = {
				ASSETCATALOG_COMPILER_APPICON_NAME = AppIcon;
				ASSETCATALOG_COMPILER_GLOBAL_ACCENT_COLOR_NAME = AccentColor;
				CODE_SIGN_STYLE = Automatic;
				CURRENT_PROJECT_VERSION = 1;
				DEVELOPMENT_ASSET_PATHS = "\"iAm/Preview Content\"";
				DEVELOPMENT_TEAM = 5T75SV584X;
				ENABLE_PREVIEWS = YES;
				GENERATE_INFOPLIST_FILE = YES;
				INFOPLIST_KEY_NSMicrophoneUsageDescription = "OPEN UP YO MIC BOI";
				INFOPLIST_KEY_UIApplicationSceneManifest_Generation = YES;
				INFOPLIST_KEY_UIApplicationSupportsIndirectInputEvents = YES;
				INFOPLIST_KEY_UILaunchScreen_Generation = YES;
				INFOPLIST_KEY_UISupportedInterfaceOrientations_iPad = "UIInterfaceOrientationPortrait UIInterfaceOrientationPortraitUpsideDown UIInterfaceOrientationLandscapeLeft UIInterfaceOrientationLandscapeRight";
				INFOPLIST_KEY_UISupportedInterfaceOrientations_iPhone = "UIInterfaceOrientationPortrait UIInterfaceOrientationLandscapeLeft UIInterfaceOrientationLandscapeRight";
				IPHONEOS_DEPLOYMENT_TARGET = 17.2;
				LD_RUNPATH_SEARCH_PATHS = (
					"$(inherited)",
					"@executable_path/Frameworks",
				);
				MARKETING_VERSION = 1.0;
				PRODUCT_BUNDLE_IDENTIFIER = com.learn.iAm;
				PRODUCT_NAME = "$(TARGET_NAME)";
				SWIFT_EMIT_LOC_STRINGS = YES;
				SWIFT_VERSION = 5.0;
				TARGETED_DEVICE_FAMILY = "1,2";
			};
			name = Release;
		};
/* End XCBuildConfiguration section */

/* Begin XCConfigurationList section */
		6AC0273F2C3CD2CB0052CBFD /* Build configuration list for PBXProject "iAm" */ = {
			isa = XCConfigurationList;
			buildConfigurations = (
				6AC027522C3CD2CC0052CBFD /* Debug */,
				6AC027532C3CD2CC0052CBFD /* Release */,
			);
			defaultConfigurationIsVisible = 0;
			defaultConfigurationName = Release;
		};
		6AC027542C3CD2CC0052CBFD /* Build configuration list for PBXNativeTarget "iAm" */ = {
			isa = XCConfigurationList;
			buildConfigurations = (
				6AC027552C3CD2CC0052CBFD /* Debug */,
				6AC027562C3CD2CC0052CBFD /* Release */,
			);
			defaultConfigurationIsVisible = 0;
			defaultConfigurationName = Release;
		};
/* End XCConfigurationList section */

/* Begin XCRemoteSwiftPackageReference section */
		6A81EE882C46674600D307F9 /* XCRemoteSwiftPackageReference "lottie-ios" */ = {
			isa = XCRemoteSwiftPackageReference;
			repositoryURL = "https://github.com/airbnb/lottie-ios.git";
			requirement = {
				kind = upToNextMajorVersion;
				minimumVersion = 4.5.0;
			};
		};
		968408AD2C45A43B0099EBEE /* XCRemoteSwiftPackageReference "DSWaveformImage" */ = {
			isa = XCRemoteSwiftPackageReference;
			repositoryURL = "https://github.com/dmrschmidt/DSWaveformImage";
			requirement = {
				kind = upToNextMajorVersion;
				minimumVersion = 14.2.2;
			};
		};
/* End XCRemoteSwiftPackageReference section */

/* Begin XCSwiftPackageProductDependency section */
		6A81EE892C46674600D307F9 /* Lottie */ = {
			isa = XCSwiftPackageProductDependency;
			package = 6A81EE882C46674600D307F9 /* XCRemoteSwiftPackageReference "lottie-ios" */;
			productName = Lottie;
		};
		968408AE2C45A43B0099EBEE /* DSWaveformImage */ = {
			isa = XCSwiftPackageProductDependency;
			package = 968408AD2C45A43B0099EBEE /* XCRemoteSwiftPackageReference "DSWaveformImage" */;
			productName = DSWaveformImage;
		};
		968408B02C45A43B0099EBEE /* DSWaveformImageViews */ = {
			isa = XCSwiftPackageProductDependency;
			package = 968408AD2C45A43B0099EBEE /* XCRemoteSwiftPackageReference "DSWaveformImage" */;
			productName = DSWaveformImageViews;
		};
/* End XCSwiftPackageProductDependency section */
	};
	rootObject = 6AC0273C2C3CD2CB0052CBFD /* Project object */;
}
