// !$*UTF8*$!
{
	archiveVersion = 1;
	classes = {
	};
	objectVersion = 56;
	objects = {

/* Begin PBXBuildFile section */
		4764C7BC2C3E4B2C001A1673 /* Lottie in Frameworks */ = {isa = PBXBuildFile; productRef = 4764C7BB2C3E4B2C001A1673 /* Lottie */; };
		4764C7D02C3E58E8001A1673 /* Slightly Unpleasant.json in Resources */ = {isa = PBXBuildFile; fileRef = 4764C7CF2C3E58E8001A1673 /* Slightly Unpleasant.json */; };
		4764C7D22C3E5920001A1673 /* LottieView.swift in Sources */ = {isa = PBXBuildFile; fileRef = 4764C7D12C3E5920001A1673 /* LottieView.swift */; };
		4764C7D42C3E59E3001A1673 /* Unpleasant.json in Resources */ = {isa = PBXBuildFile; fileRef = 4764C7D32C3E59E3001A1673 /* Unpleasant.json */; };
		4764C7D62C3E5B77001A1673 /* AnimationSlightlyUnpleasant.swift in Sources */ = {isa = PBXBuildFile; fileRef = 4764C7D52C3E5B77001A1673 /* AnimationSlightlyUnpleasant.swift */; };
		4764C7D82C3E5BA0001A1673 /* AnimationUnpleasant.swift in Sources */ = {isa = PBXBuildFile; fileRef = 4764C7D72C3E5BA0001A1673 /* AnimationUnpleasant.swift */; };
		4764C7DC2C3F6DF2001A1673 /* Pleasant.json in Resources */ = {isa = PBXBuildFile; fileRef = 4764C7D92C3F6DF2001A1673 /* Pleasant.json */; };
		4764C7DD2C3F6DF2001A1673 /* Slightly Pleasant.json in Resources */ = {isa = PBXBuildFile; fileRef = 4764C7DA2C3F6DF2001A1673 /* Slightly Pleasant.json */; };
		4764C7DE2C3F6DF2001A1673 /* Neutral.json in Resources */ = {isa = PBXBuildFile; fileRef = 4764C7DB2C3F6DF2001A1673 /* Neutral.json */; };
		4764C7E02C3F6E05001A1673 /* AnimationNeutral.swift in Sources */ = {isa = PBXBuildFile; fileRef = 4764C7DF2C3F6E05001A1673 /* AnimationNeutral.swift */; };
		4764C7E22C3F6E4C001A1673 /* AnimationSlightlyPleasant.swift in Sources */ = {isa = PBXBuildFile; fileRef = 4764C7E12C3F6E4C001A1673 /* AnimationSlightlyPleasant.swift */; };
		4764C7E42C3F6E79001A1673 /* AnimationPleasant.swift in Sources */ = {isa = PBXBuildFile; fileRef = 4764C7E32C3F6E79001A1673 /* AnimationPleasant.swift */; };
		4764C7EC2C44EBBB001A1673 /* Slightly Pleasant-dark.json in Resources */ = {isa = PBXBuildFile; fileRef = 4764C7E72C44EBBA001A1673 /* Slightly Pleasant-dark.json */; };
		4764C7ED2C44EBBB001A1673 /* Neutral-dark.json in Resources */ = {isa = PBXBuildFile; fileRef = 4764C7E82C44EBBB001A1673 /* Neutral-dark.json */; };
		4764C7EE2C44EBBB001A1673 /* Pleasant-dark.json in Resources */ = {isa = PBXBuildFile; fileRef = 4764C7E92C44EBBB001A1673 /* Pleasant-dark.json */; };
		4764C7EF2C44EBBB001A1673 /* Slightly Unpleasant-dark.json in Resources */ = {isa = PBXBuildFile; fileRef = 4764C7EA2C44EBBB001A1673 /* Slightly Unpleasant-dark.json */; };
		4764C7F02C44EBBB001A1673 /* Unpleasant-dark.json in Resources */ = {isa = PBXBuildFile; fileRef = 4764C7EB2C44EBBB001A1673 /* Unpleasant-dark.json */; };
		4764C7F22C44EBE4001A1673 /* AnimationUnpleasantDark.swift in Sources */ = {isa = PBXBuildFile; fileRef = 4764C7F12C44EBE4001A1673 /* AnimationUnpleasantDark.swift */; };
		4764C7F42C44EC2E001A1673 /* AnimationSlightlyUnpleasantDark.swift in Sources */ = {isa = PBXBuildFile; fileRef = 4764C7F32C44EC2E001A1673 /* AnimationSlightlyUnpleasantDark.swift */; };
		4764C7F62C44EC5F001A1673 /* AnimationNeutralDark.swift in Sources */ = {isa = PBXBuildFile; fileRef = 4764C7F52C44EC5F001A1673 /* AnimationNeutralDark.swift */; };
		4764C7F82C44EC95001A1673 /* AnimationSlightlyPleasantDark.swift in Sources */ = {isa = PBXBuildFile; fileRef = 4764C7F72C44EC95001A1673 /* AnimationSlightlyPleasantDark.swift */; };
		4764C7FA2C44ECC0001A1673 /* AnimationPleasantDark.swift in Sources */ = {isa = PBXBuildFile; fileRef = 4764C7F92C44ECC0001A1673 /* AnimationPleasantDark.swift */; };
		6AC027482C3CD2CB0052CBFD /* iAmApp.swift in Sources */ = {isa = PBXBuildFile; fileRef = 6AC027472C3CD2CB0052CBFD /* iAmApp.swift */; };
		6AC0274A2C3CD2CB0052CBFD /* ContentView.swift in Sources */ = {isa = PBXBuildFile; fileRef = 6AC027492C3CD2CB0052CBFD /* ContentView.swift */; };
		6AC0274C2C3CD2CB0052CBFD /* Item.swift in Sources */ = {isa = PBXBuildFile; fileRef = 6AC0274B2C3CD2CB0052CBFD /* Item.swift */; };
		6AC0274E2C3CD2CC0052CBFD /* Assets.xcassets in Resources */ = {isa = PBXBuildFile; fileRef = 6AC0274D2C3CD2CC0052CBFD /* Assets.xcassets */; };
		6AC027512C3CD2CC0052CBFD /* Preview Assets.xcassets in Resources */ = {isa = PBXBuildFile; fileRef = 6AC027502C3CD2CC0052CBFD /* Preview Assets.xcassets */; };
		9604EE252C3D74320088D47C /* AudioRecordView.swift in Sources */ = {isa = PBXBuildFile; fileRef = 9604EE242C3D74320088D47C /* AudioRecordView.swift */; };
		9604EE272C3DA7680088D47C /* Toolbar.swift in Sources */ = {isa = PBXBuildFile; fileRef = 9604EE262C3DA7680088D47C /* Toolbar.swift */; };
		9604EE2A2C3DA99F0088D47C /* Navbar.swift in Sources */ = {isa = PBXBuildFile; fileRef = 9604EE292C3DA99F0088D47C /* Navbar.swift */; };
		9604EE2C2C3DB6EA0088D47C /* AudioRecordToolbarView.swift in Sources */ = {isa = PBXBuildFile; fileRef = 9604EE2B2C3DB6EA0088D47C /* AudioRecordToolbarView.swift */; };
/* End PBXBuildFile section */

/* Begin PBXFileReference section */
		4764C7CF2C3E58E8001A1673 /* Slightly Unpleasant.json */ = {isa = PBXFileReference; fileEncoding = 4; lastKnownFileType = text.json; path = "Slightly Unpleasant.json"; sourceTree = "<group>"; };
		4764C7D12C3E5920001A1673 /* LottieView.swift */ = {isa = PBXFileReference; lastKnownFileType = sourcecode.swift; path = LottieView.swift; sourceTree = "<group>"; };
		4764C7D32C3E59E3001A1673 /* Unpleasant.json */ = {isa = PBXFileReference; fileEncoding = 4; lastKnownFileType = text.json; path = Unpleasant.json; sourceTree = "<group>"; };
		4764C7D52C3E5B77001A1673 /* AnimationSlightlyUnpleasant.swift */ = {isa = PBXFileReference; lastKnownFileType = sourcecode.swift; path = AnimationSlightlyUnpleasant.swift; sourceTree = "<group>"; };
		4764C7D72C3E5BA0001A1673 /* AnimationUnpleasant.swift */ = {isa = PBXFileReference; lastKnownFileType = sourcecode.swift; path = AnimationUnpleasant.swift; sourceTree = "<group>"; };
		4764C7D92C3F6DF2001A1673 /* Pleasant.json */ = {isa = PBXFileReference; fileEncoding = 4; lastKnownFileType = text.json; path = Pleasant.json; sourceTree = "<group>"; };
		4764C7DA2C3F6DF2001A1673 /* Slightly Pleasant.json */ = {isa = PBXFileReference; fileEncoding = 4; lastKnownFileType = text.json; path = "Slightly Pleasant.json"; sourceTree = "<group>"; };
		4764C7DB2C3F6DF2001A1673 /* Neutral.json */ = {isa = PBXFileReference; fileEncoding = 4; lastKnownFileType = text.json; path = Neutral.json; sourceTree = "<group>"; };
		4764C7DF2C3F6E05001A1673 /* AnimationNeutral.swift */ = {isa = PBXFileReference; lastKnownFileType = sourcecode.swift; path = AnimationNeutral.swift; sourceTree = "<group>"; };
		4764C7E12C3F6E4C001A1673 /* AnimationSlightlyPleasant.swift */ = {isa = PBXFileReference; lastKnownFileType = sourcecode.swift; path = AnimationSlightlyPleasant.swift; sourceTree = "<group>"; };
		4764C7E32C3F6E79001A1673 /* AnimationPleasant.swift */ = {isa = PBXFileReference; lastKnownFileType = sourcecode.swift; path = AnimationPleasant.swift; sourceTree = "<group>"; };
		4764C7E72C44EBBA001A1673 /* Slightly Pleasant-dark.json */ = {isa = PBXFileReference; fileEncoding = 4; lastKnownFileType = text.json; path = "Slightly Pleasant-dark.json"; sourceTree = "<group>"; };
		4764C7E82C44EBBB001A1673 /* Neutral-dark.json */ = {isa = PBXFileReference; fileEncoding = 4; lastKnownFileType = text.json; path = "Neutral-dark.json"; sourceTree = "<group>"; };
		4764C7E92C44EBBB001A1673 /* Pleasant-dark.json */ = {isa = PBXFileReference; fileEncoding = 4; lastKnownFileType = text.json; path = "Pleasant-dark.json"; sourceTree = "<group>"; };
		4764C7EA2C44EBBB001A1673 /* Slightly Unpleasant-dark.json */ = {isa = PBXFileReference; fileEncoding = 4; lastKnownFileType = text.json; path = "Slightly Unpleasant-dark.json"; sourceTree = "<group>"; };
		4764C7EB2C44EBBB001A1673 /* Unpleasant-dark.json */ = {isa = PBXFileReference; fileEncoding = 4; lastKnownFileType = text.json; path = "Unpleasant-dark.json"; sourceTree = "<group>"; };
		4764C7F12C44EBE4001A1673 /* AnimationUnpleasantDark.swift */ = {isa = PBXFileReference; lastKnownFileType = sourcecode.swift; path = AnimationUnpleasantDark.swift; sourceTree = "<group>"; };
		4764C7F32C44EC2E001A1673 /* AnimationSlightlyUnpleasantDark.swift */ = {isa = PBXFileReference; lastKnownFileType = sourcecode.swift; path = AnimationSlightlyUnpleasantDark.swift; sourceTree = "<group>"; };
		4764C7F52C44EC5F001A1673 /* AnimationNeutralDark.swift */ = {isa = PBXFileReference; lastKnownFileType = sourcecode.swift; path = AnimationNeutralDark.swift; sourceTree = "<group>"; };
		4764C7F72C44EC95001A1673 /* AnimationSlightlyPleasantDark.swift */ = {isa = PBXFileReference; lastKnownFileType = sourcecode.swift; path = AnimationSlightlyPleasantDark.swift; sourceTree = "<group>"; };
		4764C7F92C44ECC0001A1673 /* AnimationPleasantDark.swift */ = {isa = PBXFileReference; lastKnownFileType = sourcecode.swift; path = AnimationPleasantDark.swift; sourceTree = "<group>"; };
		6AC027442C3CD2CB0052CBFD /* iAm.app */ = {isa = PBXFileReference; explicitFileType = wrapper.application; includeInIndex = 0; path = iAm.app; sourceTree = BUILT_PRODUCTS_DIR; };
		6AC027472C3CD2CB0052CBFD /* iAmApp.swift */ = {isa = PBXFileReference; lastKnownFileType = sourcecode.swift; path = iAmApp.swift; sourceTree = "<group>"; };
		6AC027492C3CD2CB0052CBFD /* ContentView.swift */ = {isa = PBXFileReference; lastKnownFileType = sourcecode.swift; path = ContentView.swift; sourceTree = "<group>"; };
		6AC0274B2C3CD2CB0052CBFD /* Item.swift */ = {isa = PBXFileReference; lastKnownFileType = sourcecode.swift; path = Item.swift; sourceTree = "<group>"; };
		6AC0274D2C3CD2CC0052CBFD /* Assets.xcassets */ = {isa = PBXFileReference; lastKnownFileType = folder.assetcatalog; path = Assets.xcassets; sourceTree = "<group>"; };
		6AC027502C3CD2CC0052CBFD /* Preview Assets.xcassets */ = {isa = PBXFileReference; lastKnownFileType = folder.assetcatalog; path = "Preview Assets.xcassets"; sourceTree = "<group>"; };
		9604EE242C3D74320088D47C /* AudioRecordView.swift */ = {isa = PBXFileReference; lastKnownFileType = sourcecode.swift; path = AudioRecordView.swift; sourceTree = "<group>"; };
		9604EE262C3DA7680088D47C /* Toolbar.swift */ = {isa = PBXFileReference; lastKnownFileType = sourcecode.swift; path = Toolbar.swift; sourceTree = "<group>"; };
		9604EE292C3DA99F0088D47C /* Navbar.swift */ = {isa = PBXFileReference; lastKnownFileType = sourcecode.swift; path = Navbar.swift; sourceTree = "<group>"; };
		9604EE2B2C3DB6EA0088D47C /* AudioRecordToolbarView.swift */ = {isa = PBXFileReference; lastKnownFileType = sourcecode.swift; path = AudioRecordToolbarView.swift; sourceTree = "<group>"; };
/* End PBXFileReference section */

/* Begin PBXFrameworksBuildPhase section */
		6AC027412C3CD2CB0052CBFD /* Frameworks */ = {
			isa = PBXFrameworksBuildPhase;
			buildActionMask = 2147483647;
			files = (
				4764C7BC2C3E4B2C001A1673 /* Lottie in Frameworks */,
			);
			runOnlyForDeploymentPostprocessing = 0;
		};
/* End PBXFrameworksBuildPhase section */

/* Begin PBXGroup section */
		4764C7B92C3E4771001A1673 /* Animations */ = {
			isa = PBXGroup;
			children = (
				4764C7D12C3E5920001A1673 /* LottieView.swift */,
				4764C7D32C3E59E3001A1673 /* Unpleasant.json */,
				4764C7EB2C44EBBB001A1673 /* Unpleasant-dark.json */,
				4764C7CF2C3E58E8001A1673 /* Slightly Unpleasant.json */,
				4764C7EA2C44EBBB001A1673 /* Slightly Unpleasant-dark.json */,
				4764C7DB2C3F6DF2001A1673 /* Neutral.json */,
				4764C7E82C44EBBB001A1673 /* Neutral-dark.json */,
				4764C7DA2C3F6DF2001A1673 /* Slightly Pleasant.json */,
				4764C7E72C44EBBA001A1673 /* Slightly Pleasant-dark.json */,
				4764C7D92C3F6DF2001A1673 /* Pleasant.json */,
				4764C7E92C44EBBB001A1673 /* Pleasant-dark.json */,
				4764C7D72C3E5BA0001A1673 /* AnimationUnpleasant.swift */,
				4764C7F12C44EBE4001A1673 /* AnimationUnpleasantDark.swift */,
				4764C7D52C3E5B77001A1673 /* AnimationSlightlyUnpleasant.swift */,
				4764C7F32C44EC2E001A1673 /* AnimationSlightlyUnpleasantDark.swift */,
				4764C7DF2C3F6E05001A1673 /* AnimationNeutral.swift */,
				4764C7F52C44EC5F001A1673 /* AnimationNeutralDark.swift */,
				4764C7E12C3F6E4C001A1673 /* AnimationSlightlyPleasant.swift */,
				4764C7F72C44EC95001A1673 /* AnimationSlightlyPleasantDark.swift */,
				4764C7E32C3F6E79001A1673 /* AnimationPleasant.swift */,
				4764C7F92C44ECC0001A1673 /* AnimationPleasantDark.swift */,
			);
			path = Animations;
			sourceTree = "<group>";
		};
		6AC0273B2C3CD2CB0052CBFD = {
			isa = PBXGroup;
			children = (
				6AC027462C3CD2CB0052CBFD /* iAm */,
				6AC027452C3CD2CB0052CBFD /* Products */,
			);
			sourceTree = "<group>";
		};
		6AC027452C3CD2CB0052CBFD /* Products */ = {
			isa = PBXGroup;
			children = (
				6AC027442C3CD2CB0052CBFD /* iAm.app */,
			);
			name = Products;
			sourceTree = "<group>";
		};
		6AC027462C3CD2CB0052CBFD /* iAm */ = {
			isa = PBXGroup;
			children = (
				4764C7B92C3E4771001A1673 /* Animations */,
				9604EE212C3D70FB0088D47C /* Model */,
				9604EE202C3D70F20088D47C /* View Model */,
				9604EE1F2C3D70E90088D47C /* View */,
				6AC027472C3CD2CB0052CBFD /* iAmApp.swift */,
				6AC027492C3CD2CB0052CBFD /* ContentView.swift */,
				6AC0274B2C3CD2CB0052CBFD /* Item.swift */,
				6AC0274D2C3CD2CC0052CBFD /* Assets.xcassets */,
				6AC0274F2C3CD2CC0052CBFD /* Preview Content */,
			);
			path = iAm;
			sourceTree = "<group>";
		};
		6AC0274F2C3CD2CC0052CBFD /* Preview Content */ = {
			isa = PBXGroup;
			children = (
				6AC027502C3CD2CC0052CBFD /* Preview Assets.xcassets */,
			);
			path = "Preview Content";
			sourceTree = "<group>";
		};
		9604EE1F2C3D70E90088D47C /* View */ = {
			isa = PBXGroup;
			children = (
				9604EE282C3DA77F0088D47C /* ToolbarView */,
				9604EE242C3D74320088D47C /* AudioRecordView.swift */,
				9604EE262C3DA7680088D47C /* Toolbar.swift */,
				9604EE292C3DA99F0088D47C /* Navbar.swift */,
			);
			path = View;
			sourceTree = "<group>";
		};
		9604EE202C3D70F20088D47C /* View Model */ = {
			isa = PBXGroup;
			children = (
			);
			path = "View Model";
			sourceTree = "<group>";
		};
		9604EE212C3D70FB0088D47C /* Model */ = {
			isa = PBXGroup;
			children = (
			);
			path = Model;
			sourceTree = "<group>";
		};
		9604EE282C3DA77F0088D47C /* ToolbarView */ = {
			isa = PBXGroup;
			children = (
				9604EE2B2C3DB6EA0088D47C /* AudioRecordToolbarView.swift */,
			);
			path = ToolbarView;
			sourceTree = "<group>";
		};
/* End PBXGroup section */

/* Begin PBXNativeTarget section */
		6AC027432C3CD2CB0052CBFD /* iAm */ = {
			isa = PBXNativeTarget;
			buildConfigurationList = 6AC027542C3CD2CC0052CBFD /* Build configuration list for PBXNativeTarget "iAm" */;
			buildPhases = (
				6AC027402C3CD2CB0052CBFD /* Sources */,
				6AC027412C3CD2CB0052CBFD /* Frameworks */,
				6AC027422C3CD2CB0052CBFD /* Resources */,
			);
			buildRules = (
			);
			dependencies = (
			);
			name = iAm;
			packageProductDependencies = (
				4764C7BB2C3E4B2C001A1673 /* Lottie */,
			);
			productName = iAm;
			productReference = 6AC027442C3CD2CB0052CBFD /* iAm.app */;
			productType = "com.apple.product-type.application";
		};
/* End PBXNativeTarget section */

/* Begin PBXProject section */
		6AC0273C2C3CD2CB0052CBFD /* Project object */ = {
			isa = PBXProject;
			attributes = {
				BuildIndependentTargetsInParallel = 1;
				LastSwiftUpdateCheck = 1540;
				LastUpgradeCheck = 1540;
				TargetAttributes = {
					6AC027432C3CD2CB0052CBFD = {
						CreatedOnToolsVersion = 15.4;
					};
				};
			};
			buildConfigurationList = 6AC0273F2C3CD2CB0052CBFD /* Build configuration list for PBXProject "iAm" */;
			compatibilityVersion = "Xcode 14.0";
			developmentRegion = en;
			hasScannedForEncodings = 0;
			knownRegions = (
				en,
				Base,
			);
			mainGroup = 6AC0273B2C3CD2CB0052CBFD;
			packageReferences = (
				4764C7BA2C3E4B2C001A1673 /* XCRemoteSwiftPackageReference "lottie-ios" */,
			);
			productRefGroup = 6AC027452C3CD2CB0052CBFD /* Products */;
			projectDirPath = "";
			projectRoot = "";
			targets = (
				6AC027432C3CD2CB0052CBFD /* iAm */,
			);
		};
/* End PBXProject section */

/* Begin PBXResourcesBuildPhase section */
		6AC027422C3CD2CB0052CBFD /* Resources */ = {
			isa = PBXResourcesBuildPhase;
			buildActionMask = 2147483647;
			files = (
				6AC027512C3CD2CC0052CBFD /* Preview Assets.xcassets in Resources */,
				4764C7EF2C44EBBB001A1673 /* Slightly Unpleasant-dark.json in Resources */,
				4764C7D02C3E58E8001A1673 /* Slightly Unpleasant.json in Resources */,
				4764C7EC2C44EBBB001A1673 /* Slightly Pleasant-dark.json in Resources */,
				4764C7ED2C44EBBB001A1673 /* Neutral-dark.json in Resources */,
				4764C7D42C3E59E3001A1673 /* Unpleasant.json in Resources */,
				4764C7DE2C3F6DF2001A1673 /* Neutral.json in Resources */,
				6AC0274E2C3CD2CC0052CBFD /* Assets.xcassets in Resources */,
				4764C7EE2C44EBBB001A1673 /* Pleasant-dark.json in Resources */,
				4764C7DD2C3F6DF2001A1673 /* Slightly Pleasant.json in Resources */,
				4764C7F02C44EBBB001A1673 /* Unpleasant-dark.json in Resources */,
				4764C7DC2C3F6DF2001A1673 /* Pleasant.json in Resources */,
			);
			runOnlyForDeploymentPostprocessing = 0;
		};
/* End PBXResourcesBuildPhase section */

/* Begin PBXSourcesBuildPhase section */
		6AC027402C3CD2CB0052CBFD /* Sources */ = {
			isa = PBXSourcesBuildPhase;
			buildActionMask = 2147483647;
			files = (
				9604EE252C3D74320088D47C /* AudioRecordView.swift in Sources */,
				9604EE272C3DA7680088D47C /* Toolbar.swift in Sources */,
				4764C7F62C44EC5F001A1673 /* AnimationNeutralDark.swift in Sources */,
				4764C7E42C3F6E79001A1673 /* AnimationPleasant.swift in Sources */,
				6AC0274A2C3CD2CB0052CBFD /* ContentView.swift in Sources */,
				9604EE2A2C3DA99F0088D47C /* Navbar.swift in Sources */,
				6AC0274C2C3CD2CB0052CBFD /* Item.swift in Sources */,
				4764C7F42C44EC2E001A1673 /* AnimationSlightlyUnpleasantDark.swift in Sources */,
				4764C7FA2C44ECC0001A1673 /* AnimationPleasantDark.swift in Sources */,
				4764C7E02C3F6E05001A1673 /* AnimationNeutral.swift in Sources */,
				4764C7F22C44EBE4001A1673 /* AnimationUnpleasantDark.swift in Sources */,
				4764C7F82C44EC95001A1673 /* AnimationSlightlyPleasantDark.swift in Sources */,
				6AC027482C3CD2CB0052CBFD /* iAmApp.swift in Sources */,
				4764C7D82C3E5BA0001A1673 /* AnimationUnpleasant.swift in Sources */,
				4764C7D22C3E5920001A1673 /* LottieView.swift in Sources */,
				4764C7D62C3E5B77001A1673 /* AnimationSlightlyUnpleasant.swift in Sources */,
				4764C7E22C3F6E4C001A1673 /* AnimationSlightlyPleasant.swift in Sources */,
				9604EE2C2C3DB6EA0088D47C /* AudioRecordToolbarView.swift in Sources */,
			);
			runOnlyForDeploymentPostprocessing = 0;
		};
/* End PBXSourcesBuildPhase section */

/* Begin XCBuildConfiguration section */
		6AC027522C3CD2CC0052CBFD /* Debug */ = {
			isa = XCBuildConfiguration;
			buildSettings = {
				ALWAYS_SEARCH_USER_PATHS = NO;
				ASSETCATALOG_COMPILER_GENERATE_SWIFT_ASSET_SYMBOL_EXTENSIONS = YES;
				CLANG_ANALYZER_NONNULL = YES;
				CLANG_ANALYZER_NUMBER_OBJECT_CONVERSION = YES_AGGRESSIVE;
				CLANG_CXX_LANGUAGE_STANDARD = "gnu++20";
				CLANG_ENABLE_MODULES = YES;
				CLANG_ENABLE_OBJC_ARC = YES;
				CLANG_ENABLE_OBJC_WEAK = YES;
				CLANG_WARN_BLOCK_CAPTURE_AUTORELEASING = YES;
				CLANG_WARN_BOOL_CONVERSION = YES;
				CLANG_WARN_COMMA = YES;
				CLANG_WARN_CONSTANT_CONVERSION = YES;
				CLANG_WARN_DEPRECATED_OBJC_IMPLEMENTATIONS = YES;
				CLANG_WARN_DIRECT_OBJC_ISA_USAGE = YES_ERROR;
				CLANG_WARN_DOCUMENTATION_COMMENTS = YES;
				CLANG_WARN_EMPTY_BODY = YES;
				CLANG_WARN_ENUM_CONVERSION = YES;
				CLANG_WARN_INFINITE_RECURSION = YES;
				CLANG_WARN_INT_CONVERSION = YES;
				CLANG_WARN_NON_LITERAL_NULL_CONVERSION = YES;
				CLANG_WARN_OBJC_IMPLICIT_RETAIN_SELF = YES;
				CLANG_WARN_OBJC_LITERAL_CONVERSION = YES;
				CLANG_WARN_OBJC_ROOT_CLASS = YES_ERROR;
				CLANG_WARN_QUOTED_INCLUDE_IN_FRAMEWORK_HEADER = YES;
				CLANG_WARN_RANGE_LOOP_ANALYSIS = YES;
				CLANG_WARN_STRICT_PROTOTYPES = YES;
				CLANG_WARN_SUSPICIOUS_MOVE = YES;
				CLANG_WARN_UNGUARDED_AVAILABILITY = YES_AGGRESSIVE;
				CLANG_WARN_UNREACHABLE_CODE = YES;
				CLANG_WARN__DUPLICATE_METHOD_MATCH = YES;
				COPY_PHASE_STRIP = NO;
				DEBUG_INFORMATION_FORMAT = dwarf;
				ENABLE_STRICT_OBJC_MSGSEND = YES;
				ENABLE_TESTABILITY = YES;
				ENABLE_USER_SCRIPT_SANDBOXING = YES;
				GCC_C_LANGUAGE_STANDARD = gnu17;
				GCC_DYNAMIC_NO_PIC = NO;
				GCC_NO_COMMON_BLOCKS = YES;
				GCC_OPTIMIZATION_LEVEL = 0;
				GCC_PREPROCESSOR_DEFINITIONS = (
					"DEBUG=1",
					"$(inherited)",
				);
				GCC_WARN_64_TO_32_BIT_CONVERSION = YES;
				GCC_WARN_ABOUT_RETURN_TYPE = YES_ERROR;
				GCC_WARN_UNDECLARED_SELECTOR = YES;
				GCC_WARN_UNINITIALIZED_AUTOS = YES_AGGRESSIVE;
				GCC_WARN_UNUSED_FUNCTION = YES;
				GCC_WARN_UNUSED_VARIABLE = YES;
				IPHONEOS_DEPLOYMENT_TARGET = 17.5;
				LOCALIZATION_PREFERS_STRING_CATALOGS = YES;
				MTL_ENABLE_DEBUG_INFO = INCLUDE_SOURCE;
				MTL_FAST_MATH = YES;
				ONLY_ACTIVE_ARCH = YES;
				SDKROOT = iphoneos;
				SWIFT_ACTIVE_COMPILATION_CONDITIONS = "DEBUG $(inherited)";
				SWIFT_OPTIMIZATION_LEVEL = "-Onone";
			};
			name = Debug;
		};
		6AC027532C3CD2CC0052CBFD /* Release */ = {
			isa = XCBuildConfiguration;
			buildSettings = {
				ALWAYS_SEARCH_USER_PATHS = NO;
				ASSETCATALOG_COMPILER_GENERATE_SWIFT_ASSET_SYMBOL_EXTENSIONS = YES;
				CLANG_ANALYZER_NONNULL = YES;
				CLANG_ANALYZER_NUMBER_OBJECT_CONVERSION = YES_AGGRESSIVE;
				CLANG_CXX_LANGUAGE_STANDARD = "gnu++20";
				CLANG_ENABLE_MODULES = YES;
				CLANG_ENABLE_OBJC_ARC = YES;
				CLANG_ENABLE_OBJC_WEAK = YES;
				CLANG_WARN_BLOCK_CAPTURE_AUTORELEASING = YES;
				CLANG_WARN_BOOL_CONVERSION = YES;
				CLANG_WARN_COMMA = YES;
				CLANG_WARN_CONSTANT_CONVERSION = YES;
				CLANG_WARN_DEPRECATED_OBJC_IMPLEMENTATIONS = YES;
				CLANG_WARN_DIRECT_OBJC_ISA_USAGE = YES_ERROR;
				CLANG_WARN_DOCUMENTATION_COMMENTS = YES;
				CLANG_WARN_EMPTY_BODY = YES;
				CLANG_WARN_ENUM_CONVERSION = YES;
				CLANG_WARN_INFINITE_RECURSION = YES;
				CLANG_WARN_INT_CONVERSION = YES;
				CLANG_WARN_NON_LITERAL_NULL_CONVERSION = YES;
				CLANG_WARN_OBJC_IMPLICIT_RETAIN_SELF = YES;
				CLANG_WARN_OBJC_LITERAL_CONVERSION = YES;
				CLANG_WARN_OBJC_ROOT_CLASS = YES_ERROR;
				CLANG_WARN_QUOTED_INCLUDE_IN_FRAMEWORK_HEADER = YES;
				CLANG_WARN_RANGE_LOOP_ANALYSIS = YES;
				CLANG_WARN_STRICT_PROTOTYPES = YES;
				CLANG_WARN_SUSPICIOUS_MOVE = YES;
				CLANG_WARN_UNGUARDED_AVAILABILITY = YES_AGGRESSIVE;
				CLANG_WARN_UNREACHABLE_CODE = YES;
				CLANG_WARN__DUPLICATE_METHOD_MATCH = YES;
				COPY_PHASE_STRIP = NO;
				DEBUG_INFORMATION_FORMAT = "dwarf-with-dsym";
				ENABLE_NS_ASSERTIONS = NO;
				ENABLE_STRICT_OBJC_MSGSEND = YES;
				ENABLE_USER_SCRIPT_SANDBOXING = YES;
				GCC_C_LANGUAGE_STANDARD = gnu17;
				GCC_NO_COMMON_BLOCKS = YES;
				GCC_WARN_64_TO_32_BIT_CONVERSION = YES;
				GCC_WARN_ABOUT_RETURN_TYPE = YES_ERROR;
				GCC_WARN_UNDECLARED_SELECTOR = YES;
				GCC_WARN_UNINITIALIZED_AUTOS = YES_AGGRESSIVE;
				GCC_WARN_UNUSED_FUNCTION = YES;
				GCC_WARN_UNUSED_VARIABLE = YES;
				IPHONEOS_DEPLOYMENT_TARGET = 17.5;
				LOCALIZATION_PREFERS_STRING_CATALOGS = YES;
				MTL_ENABLE_DEBUG_INFO = NO;
				MTL_FAST_MATH = YES;
				SDKROOT = iphoneos;
				SWIFT_COMPILATION_MODE = wholemodule;
				VALIDATE_PRODUCT = YES;
			};
			name = Release;
		};
		6AC027552C3CD2CC0052CBFD /* Debug */ = {
			isa = XCBuildConfiguration;
			buildSettings = {
				ASSETCATALOG_COMPILER_APPICON_NAME = AppIcon;
				ASSETCATALOG_COMPILER_GLOBAL_ACCENT_COLOR_NAME = AccentColor;
				CODE_SIGN_STYLE = Automatic;
				CURRENT_PROJECT_VERSION = 1;
				DEVELOPMENT_ASSET_PATHS = "\"iAm/Preview Content\"";
				DEVELOPMENT_TEAM = 84CY6V3X8V;
				ENABLE_PREVIEWS = YES;
				GENERATE_INFOPLIST_FILE = YES;
				INFOPLIST_KEY_UIApplicationSceneManifest_Generation = YES;
				INFOPLIST_KEY_UIApplicationSupportsIndirectInputEvents = YES;
				INFOPLIST_KEY_UILaunchScreen_Generation = YES;
				INFOPLIST_KEY_UISupportedInterfaceOrientations_iPad = "UIInterfaceOrientationPortrait UIInterfaceOrientationPortraitUpsideDown UIInterfaceOrientationLandscapeLeft UIInterfaceOrientationLandscapeRight";
				INFOPLIST_KEY_UISupportedInterfaceOrientations_iPhone = "UIInterfaceOrientationPortrait UIInterfaceOrientationLandscapeLeft UIInterfaceOrientationLandscapeRight";
				LD_RUNPATH_SEARCH_PATHS = (
					"$(inherited)",
					"@executable_path/Frameworks",
				);
				MARKETING_VERSION = 1.0;
				PRODUCT_BUNDLE_IDENTIFIER = com.learn.iAm;
				PRODUCT_NAME = "$(TARGET_NAME)";
				SWIFT_EMIT_LOC_STRINGS = YES;
				SWIFT_VERSION = 5.0;
				TARGETED_DEVICE_FAMILY = "1,2";
			};
			name = Debug;
		};
		6AC027562C3CD2CC0052CBFD /* Release */ = {
			isa = XCBuildConfiguration;
			buildSettings = {
				ASSETCATALOG_COMPILER_APPICON_NAME = AppIcon;
				ASSETCATALOG_COMPILER_GLOBAL_ACCENT_COLOR_NAME = AccentColor;
				CODE_SIGN_STYLE = Automatic;
				CURRENT_PROJECT_VERSION = 1;
				DEVELOPMENT_ASSET_PATHS = "\"iAm/Preview Content\"";
				DEVELOPMENT_TEAM = 84CY6V3X8V;
				ENABLE_PREVIEWS = YES;
				GENERATE_INFOPLIST_FILE = YES;
				INFOPLIST_KEY_UIApplicationSceneManifest_Generation = YES;
				INFOPLIST_KEY_UIApplicationSupportsIndirectInputEvents = YES;
				INFOPLIST_KEY_UILaunchScreen_Generation = YES;
				INFOPLIST_KEY_UISupportedInterfaceOrientations_iPad = "UIInterfaceOrientationPortrait UIInterfaceOrientationPortraitUpsideDown UIInterfaceOrientationLandscapeLeft UIInterfaceOrientationLandscapeRight";
				INFOPLIST_KEY_UISupportedInterfaceOrientations_iPhone = "UIInterfaceOrientationPortrait UIInterfaceOrientationLandscapeLeft UIInterfaceOrientationLandscapeRight";
				LD_RUNPATH_SEARCH_PATHS = (
					"$(inherited)",
					"@executable_path/Frameworks",
				);
				MARKETING_VERSION = 1.0;
				PRODUCT_BUNDLE_IDENTIFIER = com.learn.iAm;
				PRODUCT_NAME = "$(TARGET_NAME)";
				SWIFT_EMIT_LOC_STRINGS = YES;
				SWIFT_VERSION = 5.0;
				TARGETED_DEVICE_FAMILY = "1,2";
			};
			name = Release;
		};
/* End XCBuildConfiguration section */

/* Begin XCConfigurationList section */
		6AC0273F2C3CD2CB0052CBFD /* Build configuration list for PBXProject "iAm" */ = {
			isa = XCConfigurationList;
			buildConfigurations = (
				6AC027522C3CD2CC0052CBFD /* Debug */,
				6AC027532C3CD2CC0052CBFD /* Release */,
			);
			defaultConfigurationIsVisible = 0;
			defaultConfigurationName = Release;
		};
		6AC027542C3CD2CC0052CBFD /* Build configuration list for PBXNativeTarget "iAm" */ = {
			isa = XCConfigurationList;
			buildConfigurations = (
				6AC027552C3CD2CC0052CBFD /* Debug */,
				6AC027562C3CD2CC0052CBFD /* Release */,
			);
			defaultConfigurationIsVisible = 0;
			defaultConfigurationName = Release;
		};
/* End XCConfigurationList section */

/* Begin XCRemoteSwiftPackageReference section */
		4764C7BA2C3E4B2C001A1673 /* XCRemoteSwiftPackageReference "lottie-ios" */ = {
			isa = XCRemoteSwiftPackageReference;
			repositoryURL = "https://github.com/airbnb/lottie-ios";
			requirement = {
				kind = upToNextMajorVersion;
				minimumVersion = 4.5.0;
			};
		};
/* End XCRemoteSwiftPackageReference section */

/* Begin XCSwiftPackageProductDependency section */
		4764C7BB2C3E4B2C001A1673 /* Lottie */ = {
			isa = XCSwiftPackageProductDependency;
			package = 4764C7BA2C3E4B2C001A1673 /* XCRemoteSwiftPackageReference "lottie-ios" */;
			productName = Lottie;
		};
/* End XCSwiftPackageProductDependency section */
	};
	rootObject = 6AC0273C2C3CD2CB0052CBFD /* Project object */;
}
